// !$*UTF8*$!
{
	archiveVersion = 1;
	classes = {
	};
	objectVersion = 56;
	objects = {

/* Begin PBXBuildFile section */
		FC5050C02A361A4E005596A3 /* DropView.swift in Sources */ = {isa = PBXBuildFile; fileRef = FC5050BF2A361A4E005596A3 /* DropView.swift */; };
		FC5050C22A361A9F005596A3 /* HoverableSystemIcon.swift in Sources */ = {isa = PBXBuildFile; fileRef = FC5050C12A361A9F005596A3 /* HoverableSystemIcon.swift */; };
		FC5050C42A362FDE005596A3 /* ErrorSheet.swift in Sources */ = {isa = PBXBuildFile; fileRef = FC5050C32A362FDE005596A3 /* ErrorSheet.swift */; };
		FC5050CC2A36DD2B005596A3 /* Protection.swift in Sources */ = {isa = PBXBuildFile; fileRef = FC5050CB2A36DD2B005596A3 /* Protection.swift */; };
		FC91105E2A35909E00D32FC6 /* ArchiveSmallerApp.swift in Sources */ = {isa = PBXBuildFile; fileRef = FC91105D2A35909E00D32FC6 /* ArchiveSmallerApp.swift */; };
		FC9110602A35909E00D32FC6 /* ContentView.swift in Sources */ = {isa = PBXBuildFile; fileRef = FC91105F2A35909E00D32FC6 /* ContentView.swift */; };
		FC9110622A35909F00D32FC6 /* Assets.xcassets in Resources */ = {isa = PBXBuildFile; fileRef = FC9110612A35909F00D32FC6 /* Assets.xcassets */; };
		FC9110652A35909F00D32FC6 /* Preview Assets.xcassets in Resources */ = {isa = PBXBuildFile; fileRef = FC9110642A35909F00D32FC6 /* Preview Assets.xcassets */; };
		FC91106D2A35915F00D32FC6 /* DropDelegate.swift in Sources */ = {isa = PBXBuildFile; fileRef = FC91106C2A35915F00D32FC6 /* DropDelegate.swift */; };
		FC91106F2A35948B00D32FC6 /* ArchiveController.swift in Sources */ = {isa = PBXBuildFile; fileRef = FC91106E2A35948B00D32FC6 /* ArchiveController.swift */; };
		FC9110712A35994800D32FC6 /* UserPrefs.swift in Sources */ = {isa = PBXBuildFile; fileRef = FC9110702A35994800D32FC6 /* UserPrefs.swift */; };
		FC9110732A359ADB00D32FC6 /* Conveniences.swift in Sources */ = {isa = PBXBuildFile; fileRef = FC9110722A359ADB00D32FC6 /* Conveniences.swift */; };
		FC9110772A35A4C000D32FC6 /* FileManager.swift in Sources */ = {isa = PBXBuildFile; fileRef = FC9110762A35A4C000D32FC6 /* FileManager.swift */; };
		FC9110792A35B4A800D32FC6 /* Preset.swift in Sources */ = {isa = PBXBuildFile; fileRef = FC9110782A35B4A800D32FC6 /* Preset.swift */; };
		FC91107D2A35BC5700D32FC6 /* ExcludeInput.swift in Sources */ = {isa = PBXBuildFile; fileRef = FC91107C2A35BC5700D32FC6 /* ExcludeInput.swift */; };
		FC9110802A35C61500D32FC6 /* Alerts.swift in Sources */ = {isa = PBXBuildFile; fileRef = FC91107F2A35C61500D32FC6 /* Alerts.swift */; };
/* End PBXBuildFile section */

/* Begin PBXFileReference section */
		FC5050BF2A361A4E005596A3 /* DropView.swift */ = {isa = PBXFileReference; fileEncoding = 4; lastKnownFileType = sourcecode.swift; path = DropView.swift; sourceTree = "<group>"; };
		FC5050C12A361A9F005596A3 /* HoverableSystemIcon.swift */ = {isa = PBXFileReference; lastKnownFileType = sourcecode.swift; path = HoverableSystemIcon.swift; sourceTree = "<group>"; };
		FC5050C32A362FDE005596A3 /* ErrorSheet.swift */ = {isa = PBXFileReference; lastKnownFileType = sourcecode.swift; path = ErrorSheet.swift; sourceTree = "<group>"; };
		FC5050C82A36D786005596A3 /* README.md */ = {isa = PBXFileReference; lastKnownFileType = net.daringfireball.markdown; path = README.md; sourceTree = "<group>"; };
		FC5050CB2A36DD2B005596A3 /* Protection.swift */ = {isa = PBXFileReference; lastKnownFileType = sourcecode.swift; path = Protection.swift; sourceTree = "<group>"; };
		FC91105A2A35909E00D32FC6 /* ArchiveSmaller.app */ = {isa = PBXFileReference; explicitFileType = wrapper.application; includeInIndex = 0; path = ArchiveSmaller.app; sourceTree = BUILT_PRODUCTS_DIR; };
		FC91105D2A35909E00D32FC6 /* ArchiveSmallerApp.swift */ = {isa = PBXFileReference; lastKnownFileType = sourcecode.swift; path = ArchiveSmallerApp.swift; sourceTree = "<group>"; };
		FC91105F2A35909E00D32FC6 /* ContentView.swift */ = {isa = PBXFileReference; lastKnownFileType = sourcecode.swift; path = ContentView.swift; sourceTree = "<group>"; };
		FC9110612A35909F00D32FC6 /* Assets.xcassets */ = {isa = PBXFileReference; lastKnownFileType = folder.assetcatalog; path = Assets.xcassets; sourceTree = "<group>"; };
		FC9110642A35909F00D32FC6 /* Preview Assets.xcassets */ = {isa = PBXFileReference; lastKnownFileType = folder.assetcatalog; path = "Preview Assets.xcassets"; sourceTree = "<group>"; };
		FC9110662A35909F00D32FC6 /* ArchiveSmaller.entitlements */ = {isa = PBXFileReference; lastKnownFileType = text.plist.entitlements; path = ArchiveSmaller.entitlements; sourceTree = "<group>"; };
		FC91106C2A35915F00D32FC6 /* DropDelegate.swift */ = {isa = PBXFileReference; lastKnownFileType = sourcecode.swift; path = DropDelegate.swift; sourceTree = "<group>"; };
		FC91106E2A35948B00D32FC6 /* ArchiveController.swift */ = {isa = PBXFileReference; lastKnownFileType = sourcecode.swift; path = ArchiveController.swift; sourceTree = "<group>"; };
		FC9110702A35994800D32FC6 /* UserPrefs.swift */ = {isa = PBXFileReference; lastKnownFileType = sourcecode.swift; path = UserPrefs.swift; sourceTree = "<group>"; };
		FC9110722A359ADB00D32FC6 /* Conveniences.swift */ = {isa = PBXFileReference; lastKnownFileType = sourcecode.swift; path = Conveniences.swift; sourceTree = "<group>"; };
		FC9110762A35A4C000D32FC6 /* FileManager.swift */ = {isa = PBXFileReference; lastKnownFileType = sourcecode.swift; path = FileManager.swift; sourceTree = "<group>"; };
		FC9110782A35B4A800D32FC6 /* Preset.swift */ = {isa = PBXFileReference; lastKnownFileType = sourcecode.swift; path = Preset.swift; sourceTree = "<group>"; };
		FC91107C2A35BC5700D32FC6 /* ExcludeInput.swift */ = {isa = PBXFileReference; lastKnownFileType = sourcecode.swift; path = ExcludeInput.swift; sourceTree = "<group>"; };
		FC91107F2A35C61500D32FC6 /* Alerts.swift */ = {isa = PBXFileReference; lastKnownFileType = sourcecode.swift; path = Alerts.swift; sourceTree = "<group>"; };
/* End PBXFileReference section */

/* Begin PBXFrameworksBuildPhase section */
		FC9110572A35909E00D32FC6 /* Frameworks */ = {
			isa = PBXFrameworksBuildPhase;
			buildActionMask = 2147483647;
			files = (
			);
			runOnlyForDeploymentPostprocessing = 0;
		};
/* End PBXFrameworksBuildPhase section */

/* Begin PBXGroup section */
		FC5050BB2A360DB6005596A3 /* Utilities */ = {
			isa = PBXGroup;
			children = (
				FC9110722A359ADB00D32FC6 /* Conveniences.swift */,
				FC91107F2A35C61500D32FC6 /* Alerts.swift */,
				FC9110762A35A4C000D32FC6 /* FileManager.swift */,
			);
			path = Utilities;
			sourceTree = "<group>";
		};
		FC5050BE2A361A3D005596A3 /* DropView */ = {
			isa = PBXGroup;
			children = (
				FC91106C2A35915F00D32FC6 /* DropDelegate.swift */,
				FC5050BF2A361A4E005596A3 /* DropView.swift */,
				FC5050C12A361A9F005596A3 /* HoverableSystemIcon.swift */,
			);
			path = DropView;
			sourceTree = "<group>";
		};
		FC5050C52A36D604005596A3 /* Controllers */ = {
			isa = PBXGroup;
			children = (
				FC91106E2A35948B00D32FC6 /* ArchiveController.swift */,
			);
			path = Controllers;
			sourceTree = "<group>";
		};
		FC5050C62A36D620005596A3 /* Settings */ = {
			isa = PBXGroup;
			children = (
				FC9110702A35994800D32FC6 /* UserPrefs.swift */,
				FC5050CB2A36DD2B005596A3 /* Protection.swift */,
			);
			path = Settings;
			sourceTree = "<group>";
		};
		FC5050C72A36D639005596A3 /* Model */ = {
			isa = PBXGroup;
			children = (
				FC9110782A35B4A800D32FC6 /* Preset.swift */,
			);
			path = Model;
			sourceTree = "<group>";
		};
		FC9110512A35909E00D32FC6 = {
			isa = PBXGroup;
			children = (
				FC5050C82A36D786005596A3 /* README.md */,
				FC91105C2A35909E00D32FC6 /* ArchiveSmaller */,
				FC91105B2A35909E00D32FC6 /* Products */,
			);
			sourceTree = "<group>";
		};
		FC91105B2A35909E00D32FC6 /* Products */ = {
			isa = PBXGroup;
			children = (
				FC91105A2A35909E00D32FC6 /* ArchiveSmaller.app */,
			);
			name = Products;
			sourceTree = "<group>";
		};
		FC91105C2A35909E00D32FC6 /* ArchiveSmaller */ = {
			isa = PBXGroup;
			children = (
				FC91105D2A35909E00D32FC6 /* ArchiveSmallerApp.swift */,
				FC91107E2A35BDF700D32FC6 /* Views */,
				FC5050C52A36D604005596A3 /* Controllers */,
				FC5050BB2A360DB6005596A3 /* Utilities */,
				FC5050C72A36D639005596A3 /* Model */,
				FC5050C62A36D620005596A3 /* Settings */,
				FC9110612A35909F00D32FC6 /* Assets.xcassets */,
				FC9110662A35909F00D32FC6 /* ArchiveSmaller.entitlements */,
				FC9110632A35909F00D32FC6 /* Preview Content */,
			);
			path = ArchiveSmaller;
			sourceTree = "<group>";
		};
		FC9110632A35909F00D32FC6 /* Preview Content */ = {
			isa = PBXGroup;
			children = (
				FC9110642A35909F00D32FC6 /* Preview Assets.xcassets */,
			);
			path = "Preview Content";
			sourceTree = "<group>";
		};
		FC91107E2A35BDF700D32FC6 /* Views */ = {
			isa = PBXGroup;
			children = (
				FC5050BE2A361A3D005596A3 /* DropView */,
				FC91107C2A35BC5700D32FC6 /* ExcludeInput.swift */,
				FC91105F2A35909E00D32FC6 /* ContentView.swift */,
				FC5050C32A362FDE005596A3 /* ErrorSheet.swift */,
			);
			path = Views;
			sourceTree = "<group>";
		};
/* End PBXGroup section */

/* Begin PBXNativeTarget section */
		FC9110592A35909E00D32FC6 /* ArchiveSmaller */ = {
			isa = PBXNativeTarget;
			buildConfigurationList = FC9110692A35909F00D32FC6 /* Build configuration list for PBXNativeTarget "ArchiveSmaller" */;
			buildPhases = (
				FC9110562A35909E00D32FC6 /* Sources */,
				FC9110572A35909E00D32FC6 /* Frameworks */,
				FC9110582A35909E00D32FC6 /* Resources */,
			);
			buildRules = (
			);
			dependencies = (
			);
			name = ArchiveSmaller;
			productName = ArchiveSmaller;
			productReference = FC91105A2A35909E00D32FC6 /* ArchiveSmaller.app */;
			productType = "com.apple.product-type.application";
		};
/* End PBXNativeTarget section */

/* Begin PBXProject section */
		FC9110522A35909E00D32FC6 /* Project object */ = {
			isa = PBXProject;
			attributes = {
				BuildIndependentTargetsInParallel = 1;
				LastSwiftUpdateCheck = 1430;
				LastUpgradeCheck = 1430;
				TargetAttributes = {
					FC9110592A35909E00D32FC6 = {
						CreatedOnToolsVersion = 14.3;
					};
				};
			};
			buildConfigurationList = FC9110552A35909E00D32FC6 /* Build configuration list for PBXProject "ArchiveSmaller" */;
			compatibilityVersion = "Xcode 14.0";
			developmentRegion = en;
			hasScannedForEncodings = 0;
			knownRegions = (
				en,
				Base,
			);
			mainGroup = FC9110512A35909E00D32FC6;
			productRefGroup = FC91105B2A35909E00D32FC6 /* Products */;
			projectDirPath = "";
			projectRoot = "";
			targets = (
				FC9110592A35909E00D32FC6 /* ArchiveSmaller */,
			);
		};
/* End PBXProject section */

/* Begin PBXResourcesBuildPhase section */
		FC9110582A35909E00D32FC6 /* Resources */ = {
			isa = PBXResourcesBuildPhase;
			buildActionMask = 2147483647;
			files = (
				FC9110652A35909F00D32FC6 /* Preview Assets.xcassets in Resources */,
				FC9110622A35909F00D32FC6 /* Assets.xcassets in Resources */,
			);
			runOnlyForDeploymentPostprocessing = 0;
		};
/* End PBXResourcesBuildPhase section */

/* Begin PBXSourcesBuildPhase section */
		FC9110562A35909E00D32FC6 /* Sources */ = {
			isa = PBXSourcesBuildPhase;
			buildActionMask = 2147483647;
			files = (
				FC91106F2A35948B00D32FC6 /* ArchiveController.swift in Sources */,
				FC9110602A35909E00D32FC6 /* ContentView.swift in Sources */,
				FC5050C22A361A9F005596A3 /* HoverableSystemIcon.swift in Sources */,
				FC5050C02A361A4E005596A3 /* DropView.swift in Sources */,
				FC5050CC2A36DD2B005596A3 /* Protection.swift in Sources */,
				FC9110792A35B4A800D32FC6 /* Preset.swift in Sources */,
				FC91106D2A35915F00D32FC6 /* DropDelegate.swift in Sources */,
				FC9110772A35A4C000D32FC6 /* FileManager.swift in Sources */,
				FC91105E2A35909E00D32FC6 /* ArchiveSmallerApp.swift in Sources */,
				FC9110802A35C61500D32FC6 /* Alerts.swift in Sources */,
				FC5050C42A362FDE005596A3 /* ErrorSheet.swift in Sources */,
				FC91107D2A35BC5700D32FC6 /* ExcludeInput.swift in Sources */,
				FC9110712A35994800D32FC6 /* UserPrefs.swift in Sources */,
				FC9110732A359ADB00D32FC6 /* Conveniences.swift in Sources */,
			);
			runOnlyForDeploymentPostprocessing = 0;
		};
/* End PBXSourcesBuildPhase section */

/* Begin XCBuildConfiguration section */
		FC9110672A35909F00D32FC6 /* Debug */ = {
			isa = XCBuildConfiguration;
			buildSettings = {
				ALWAYS_SEARCH_USER_PATHS = NO;
				CLANG_ANALYZER_NONNULL = YES;
				CLANG_ANALYZER_NUMBER_OBJECT_CONVERSION = YES_AGGRESSIVE;
				CLANG_CXX_LANGUAGE_STANDARD = "gnu++20";
				CLANG_ENABLE_MODULES = YES;
				CLANG_ENABLE_OBJC_ARC = YES;
				CLANG_ENABLE_OBJC_WEAK = YES;
				CLANG_WARN_BLOCK_CAPTURE_AUTORELEASING = YES;
				CLANG_WARN_BOOL_CONVERSION = YES;
				CLANG_WARN_COMMA = YES;
				CLANG_WARN_CONSTANT_CONVERSION = YES;
				CLANG_WARN_DEPRECATED_OBJC_IMPLEMENTATIONS = YES;
				CLANG_WARN_DIRECT_OBJC_ISA_USAGE = YES_ERROR;
				CLANG_WARN_DOCUMENTATION_COMMENTS = YES;
				CLANG_WARN_EMPTY_BODY = YES;
				CLANG_WARN_ENUM_CONVERSION = YES;
				CLANG_WARN_INFINITE_RECURSION = YES;
				CLANG_WARN_INT_CONVERSION = YES;
				CLANG_WARN_NON_LITERAL_NULL_CONVERSION = YES;
				CLANG_WARN_OBJC_IMPLICIT_RETAIN_SELF = YES;
				CLANG_WARN_OBJC_LITERAL_CONVERSION = YES;
				CLANG_WARN_OBJC_ROOT_CLASS = YES_ERROR;
				CLANG_WARN_QUOTED_INCLUDE_IN_FRAMEWORK_HEADER = YES;
				CLANG_WARN_RANGE_LOOP_ANALYSIS = YES;
				CLANG_WARN_STRICT_PROTOTYPES = YES;
				CLANG_WARN_SUSPICIOUS_MOVE = YES;
				CLANG_WARN_UNGUARDED_AVAILABILITY = YES_AGGRESSIVE;
				CLANG_WARN_UNREACHABLE_CODE = YES;
				CLANG_WARN__DUPLICATE_METHOD_MATCH = YES;
				COPY_PHASE_STRIP = NO;
				DEBUG_INFORMATION_FORMAT = dwarf;
				ENABLE_STRICT_OBJC_MSGSEND = YES;
				ENABLE_TESTABILITY = YES;
				GCC_C_LANGUAGE_STANDARD = gnu11;
				GCC_DYNAMIC_NO_PIC = NO;
				GCC_NO_COMMON_BLOCKS = YES;
				GCC_OPTIMIZATION_LEVEL = 0;
				GCC_PREPROCESSOR_DEFINITIONS = (
					"DEBUG=1",
					"$(inherited)",
				);
				GCC_WARN_64_TO_32_BIT_CONVERSION = YES;
				GCC_WARN_ABOUT_RETURN_TYPE = YES_ERROR;
				GCC_WARN_UNDECLARED_SELECTOR = YES;
				GCC_WARN_UNINITIALIZED_AUTOS = YES_AGGRESSIVE;
				GCC_WARN_UNUSED_FUNCTION = YES;
				GCC_WARN_UNUSED_VARIABLE = YES;
				MACOSX_DEPLOYMENT_TARGET = 13.3;
				MTL_ENABLE_DEBUG_INFO = INCLUDE_SOURCE;
				MTL_FAST_MATH = YES;
				ONLY_ACTIVE_ARCH = YES;
				SDKROOT = macosx;
				SWIFT_ACTIVE_COMPILATION_CONDITIONS = DEBUG;
				SWIFT_OPTIMIZATION_LEVEL = "-Onone";
			};
			name = Debug;
		};
		FC9110682A35909F00D32FC6 /* Release */ = {
			isa = XCBuildConfiguration;
			buildSettings = {
				ALWAYS_SEARCH_USER_PATHS = NO;
				CLANG_ANALYZER_NONNULL = YES;
				CLANG_ANALYZER_NUMBER_OBJECT_CONVERSION = YES_AGGRESSIVE;
				CLANG_CXX_LANGUAGE_STANDARD = "gnu++20";
				CLANG_ENABLE_MODULES = YES;
				CLANG_ENABLE_OBJC_ARC = YES;
				CLANG_ENABLE_OBJC_WEAK = YES;
				CLANG_WARN_BLOCK_CAPTURE_AUTORELEASING = YES;
				CLANG_WARN_BOOL_CONVERSION = YES;
				CLANG_WARN_COMMA = YES;
				CLANG_WARN_CONSTANT_CONVERSION = YES;
				CLANG_WARN_DEPRECATED_OBJC_IMPLEMENTATIONS = YES;
				CLANG_WARN_DIRECT_OBJC_ISA_USAGE = YES_ERROR;
				CLANG_WARN_DOCUMENTATION_COMMENTS = YES;
				CLANG_WARN_EMPTY_BODY = YES;
				CLANG_WARN_ENUM_CONVERSION = YES;
				CLANG_WARN_INFINITE_RECURSION = YES;
				CLANG_WARN_INT_CONVERSION = YES;
				CLANG_WARN_NON_LITERAL_NULL_CONVERSION = YES;
				CLANG_WARN_OBJC_IMPLICIT_RETAIN_SELF = YES;
				CLANG_WARN_OBJC_LITERAL_CONVERSION = YES;
				CLANG_WARN_OBJC_ROOT_CLASS = YES_ERROR;
				CLANG_WARN_QUOTED_INCLUDE_IN_FRAMEWORK_HEADER = YES;
				CLANG_WARN_RANGE_LOOP_ANALYSIS = YES;
				CLANG_WARN_STRICT_PROTOTYPES = YES;
				CLANG_WARN_SUSPICIOUS_MOVE = YES;
				CLANG_WARN_UNGUARDED_AVAILABILITY = YES_AGGRESSIVE;
				CLANG_WARN_UNREACHABLE_CODE = YES;
				CLANG_WARN__DUPLICATE_METHOD_MATCH = YES;
				COPY_PHASE_STRIP = NO;
				DEBUG_INFORMATION_FORMAT = "dwarf-with-dsym";
				ENABLE_NS_ASSERTIONS = NO;
				ENABLE_STRICT_OBJC_MSGSEND = YES;
				GCC_C_LANGUAGE_STANDARD = gnu11;
				GCC_NO_COMMON_BLOCKS = YES;
				GCC_WARN_64_TO_32_BIT_CONVERSION = YES;
				GCC_WARN_ABOUT_RETURN_TYPE = YES_ERROR;
				GCC_WARN_UNDECLARED_SELECTOR = YES;
				GCC_WARN_UNINITIALIZED_AUTOS = YES_AGGRESSIVE;
				GCC_WARN_UNUSED_FUNCTION = YES;
				GCC_WARN_UNUSED_VARIABLE = YES;
				MACOSX_DEPLOYMENT_TARGET = 13.3;
				MTL_ENABLE_DEBUG_INFO = NO;
				MTL_FAST_MATH = YES;
				SDKROOT = macosx;
				SWIFT_COMPILATION_MODE = wholemodule;
				SWIFT_OPTIMIZATION_LEVEL = "-O";
			};
			name = Release;
		};
		FC91106A2A35909F00D32FC6 /* Debug */ = {
			isa = XCBuildConfiguration;
			buildSettings = {
				ASSETCATALOG_COMPILER_APPICON_NAME = AppIcon;
				ASSETCATALOG_COMPILER_GLOBAL_ACCENT_COLOR_NAME = AccentColor;
				CODE_SIGN_ENTITLEMENTS = ArchiveSmaller/ArchiveSmaller.entitlements;
				CODE_SIGN_STYLE = Automatic;
				COMBINE_HIDPI_IMAGES = YES;
				CURRENT_PROJECT_VERSION = 1;
				DEVELOPMENT_ASSET_PATHS = "\"ArchiveSmaller/Preview Content\"";
				DEVELOPMENT_TEAM = UQ3BB547F3;
				ENABLE_HARDENED_RUNTIME = NO;
				ENABLE_PREVIEWS = YES;
				GENERATE_INFOPLIST_FILE = YES;
				INFOPLIST_KEY_NSHumanReadableCopyright = "";
				LD_RUNPATH_SEARCH_PATHS = (
					"$(inherited)",
					"@executable_path/../Frameworks",
				);
				MARKETING_VERSION = 1.0;
				PRODUCT_BUNDLE_IDENTIFIER = "com.ihounokyaku.letterboxd-package-test.ArchiveSmaller";
				PRODUCT_NAME = "$(TARGET_NAME)";
				SWIFT_EMIT_LOC_STRINGS = YES;
				SWIFT_VERSION = 5.0;
			};
			name = Debug;
		};
		FC91106B2A35909F00D32FC6 /* Release */ = {
			isa = XCBuildConfiguration;
			buildSettings = {
				ASSETCATALOG_COMPILER_APPICON_NAME = AppIcon;
				ASSETCATALOG_COMPILER_GLOBAL_ACCENT_COLOR_NAME = AccentColor;
				CODE_SIGN_ENTITLEMENTS = ArchiveSmaller/ArchiveSmaller.entitlements;
				CODE_SIGN_STYLE = Automatic;
				COMBINE_HIDPI_IMAGES = YES;
				CURRENT_PROJECT_VERSION = 1;
				DEVELOPMENT_ASSET_PATHS = "\"ArchiveSmaller/Preview Content\"";
				DEVELOPMENT_TEAM = UQ3BB547F3;
				ENABLE_HARDENED_RUNTIME = NO;
				ENABLE_PREVIEWS = YES;
				GENERATE_INFOPLIST_FILE = YES;
				INFOPLIST_KEY_NSHumanReadableCopyright = "";
				LD_RUNPATH_SEARCH_PATHS = (
					"$(inherited)",
					"@executable_path/../Frameworks",
				);
				MARKETING_VERSION = 1.0;
				PRODUCT_BUNDLE_IDENTIFIER = "com.ihounokyaku.letterboxd-package-test.ArchiveSmaller";
				PRODUCT_NAME = "$(TARGET_NAME)";
				SWIFT_EMIT_LOC_STRINGS = YES;
				SWIFT_VERSION = 5.0;
			};
			name = Release;
		};
/* End XCBuildConfiguration section */

/* Begin XCConfigurationList section */
		FC9110552A35909E00D32FC6 /* Build configuration list for PBXProject "ArchiveSmaller" */ = {
			isa = XCConfigurationList;
			buildConfigurations = (
				FC9110672A35909F00D32FC6 /* Debug */,
				FC9110682A35909F00D32FC6 /* Release */,
			);
			defaultConfigurationIsVisible = 0;
			defaultConfigurationName = Release;
		};
		FC9110692A35909F00D32FC6 /* Build configuration list for PBXNativeTarget "ArchiveSmaller" */ = {
			isa = XCConfigurationList;
			buildConfigurations = (
				FC91106A2A35909F00D32FC6 /* Debug */,
				FC91106B2A35909F00D32FC6 /* Release */,
			);
			defaultConfigurationIsVisible = 0;
			defaultConfigurationName = Release;
		};
/* End XCConfigurationList section */
	};
	rootObject = FC9110522A35909E00D32FC6 /* Project object */;
}
